
Microsoft Visual Studio Solution File, Format Version 12.00
# Visual Studio 15
VisualStudioVersion = 15.0.27130.2027
MinimumVisualStudioVersion = 10.0.40219.1
Project("{FAE04EC0-301F-11D3-BF4B-00C04F79EFBC}") = "Slark.Core", "Slark.Core\Slark.Core.csproj", "{6DC27A8F-0D81-4FB1-BE23-02E4BB505AC8}"
EndProject
Project("{FAE04EC0-301F-11D3-BF4B-00C04F79EFBC}") = "Slark.Server.WebSoket", "Slark.Server.WebSoket\Slark.Server.WebSoket.csproj", "{36F92C20-5895-4437-B068-D91CB0E367FC}"
EndProject
Project("{FAE04EC0-301F-11D3-BF4B-00C04F79EFBC}") = "Slark.Server.ConsoleApp.NETCore", "Slark.Server.ConsoleApp.NETCore\Slark.Server.ConsoleApp.NETCore.csproj", "{146222F4-92A2-46AA-8776-E259A38AEFEB}"
EndProject
Project("{FAE04EC0-301F-11D3-BF4B-00C04F79EFBC}") = "Slark.Server.LeanCloud.Play", "Slark.Server.ProtocolAdapter.LeanCloudPlay\Slark.Server.LeanCloud.Play.csproj", "{10F0C400-525D-44BD-8901-69D45D192347}"
EndProject
Project("{FAE04EC0-301F-11D3-BF4B-00C04F79EFBC}") = "Slark.Server.LiveBroadcast", "Slark.Server.LiveBroadcast\Slark.Server.LiveBroadcast.csproj", "{6BB49C3E-DE86-4354-817A-0BE949DF298D}"
EndProject
Project("{FAE04EC0-301F-11D3-BF4B-00C04F79EFBC}") = "Slark.Server.MVCCore", "Slark.Server.MVCCore\Slark.Server.MVCCore.csproj", "{D534A43D-D7DC-42B2-B286-680296DE86DA}"
EndProject
Project("{FAE04EC0-301F-11D3-BF4B-00C04F79EFBC}") = "Landlords.Server", "Landlords.Server\Landlords.Server.csproj", "{4ACDFA71-38BD-45AD-987F-0195B4CEDD8A}"
EndProject
Global
	GlobalSection(SolutionConfigurationPlatforms) = preSolution
		Debug|Any CPU = Debug|Any CPU
		Release|Any CPU = Release|Any CPU
	EndGlobalSection
	GlobalSection(ProjectConfigurationPlatforms) = postSolution
		{6DC27A8F-0D81-4FB1-BE23-02E4BB505AC8}.Debug|Any CPU.ActiveCfg = Debug|Any CPU
		{6DC27A8F-0D81-4FB1-BE23-02E4BB505AC8}.Debug|Any CPU.Build.0 = Debug|Any CPU
		{6DC27A8F-0D81-4FB1-BE23-02E4BB505AC8}.Release|Any CPU.ActiveCfg = Release|Any CPU
		{6DC27A8F-0D81-4FB1-BE23-02E4BB505AC8}.Release|Any CPU.Build.0 = Release|Any CPU
		{36F92C20-5895-4437-B068-D91CB0E367FC}.Debug|Any CPU.ActiveCfg = Debug|Any CPU
		{36F92C20-5895-4437-B068-D91CB0E367FC}.Debug|Any CPU.Build.0 = Debug|Any CPU
		{36F92C20-5895-4437-B068-D91CB0E367FC}.Release|Any CPU.ActiveCfg = Release|Any CPU
		{36F92C20-5895-4437-B068-D91CB0E367FC}.Release|Any CPU.Build.0 = Release|Any CPU
		{146222F4-92A2-46AA-8776-E259A38AEFEB}.Debug|Any CPU.ActiveCfg = Debug|Any CPU
		{146222F4-92A2-46AA-8776-E259A38AEFEB}.Debug|Any CPU.Build.0 = Debug|Any CPU
		{146222F4-92A2-46AA-8776-E259A38AEFEB}.Release|Any CPU.ActiveCfg = Release|Any CPU
		{146222F4-92A2-46AA-8776-E259A38AEFEB}.Release|Any CPU.Build.0 = Release|Any CPU
		{10F0C400-525D-44BD-8901-69D45D192347}.Debug|Any CPU.ActiveCfg = Debug|Any CPU
		{10F0C400-525D-44BD-8901-69D45D192347}.Debug|Any CPU.Build.0 = Debug|Any CPU
		{10F0C400-525D-44BD-8901-69D45D192347}.Release|Any CPU.ActiveCfg = Release|Any CPU
		{10F0C400-525D-44BD-8901-69D45D192347}.Release|Any CPU.Build.0 = Release|Any CPU
		{6BB49C3E-DE86-4354-817A-0BE949DF298D}.Debug|Any CPU.ActiveCfg = Debug|Any CPU
		{6BB49C3E-DE86-4354-817A-0BE949DF298D}.Debug|Any CPU.Build.0 = Debug|Any CPU
		{6BB49C3E-DE86-4354-817A-0BE949DF298D}.Release|Any CPU.ActiveCfg = Release|Any CPU
		{6BB49C3E-DE86-4354-817A-0BE949DF298D}.Release|Any CPU.Build.0 = Release|Any CPU
		{D534A43D-D7DC-42B2-B286-680296DE86DA}.Debug|Any CPU.ActiveCfg = Debug|Any CPU
		{D534A43D-D7DC-42B2-B286-680296DE86DA}.Debug|Any CPU.Build.0 = Debug|Any CPU
		{D534A43D-D7DC-42B2-B286-680296DE86DA}.Release|Any CPU.ActiveCfg = Release|Any CPU
		{D534A43D-D7DC-42B2-B286-680296DE86DA}.Release|Any CPU.Build.0 = Release|Any CPU
		{4ACDFA71-38BD-45AD-987F-0195B4CEDD8A}.Debug|Any CPU.ActiveCfg = Debug|Any CPU
		{4ACDFA71-38BD-45AD-987F-0195B4CEDD8A}.Debug|Any CPU.Build.0 = Debug|Any CPU
		{4ACDFA71-38BD-45AD-987F-0195B4CEDD8A}.Release|Any CPU.ActiveCfg = Release|Any CPU
		{4ACDFA71-38BD-45AD-987F-0195B4CEDD8A}.Release|Any CPU.Build.0 = Release|Any CPU
	EndGlobalSection
	GlobalSection(SolutionProperties) = preSolution
		HideSolutionNode = FALSE
	EndGlobalSection
	GlobalSection(ExtensibilityGlobals) = postSolution
		SolutionGuid = {B77C278C-15AF-41C3-965B-9797BD29FD99}
	EndGlobalSection
EndGlobal
